
Microsoft Visual Studio Solution File, Format Version 12.00
# Visual Studio 15
VisualStudioVersion = 15.0.28307.271
MinimumVisualStudioVersion = 10.0.40219.1
Project("{8BC9CEB8-8B4A-11D0-8D11-00A0C91BC942}") = "gpu-snark-challenge", "gpu-snark-challenge\gpu-snark-challenge.vcxproj", "{8FA3613B-D042-45C1-8CF4-3A7184EEE62C}"
EndProject
Global
	GlobalSection(SolutionConfigurationPlatforms) = preSolution
		Debug|x64 = Debug|x64
		Release|x64 = Release|x64
	EndGlobalSection
	GlobalSection(ProjectConfigurationPlatforms) = postSolution
		{8FA3613B-D042-45C1-8CF4-3A7184EEE62C}.Debug|x64.ActiveCfg = Debug|x64
		{8FA3613B-D042-45C1-8CF4-3A7184EEE62C}.Debug|x64.Build.0 = Debug|x64
		{8FA3613B-D042-45C1-8CF4-3A7184EEE62C}.Release|x64.ActiveCfg = Release|x64
		{8FA3613B-D042-45C1-8CF4-3A7184EEE62C}.Release|x64.Build.0 = Release|x64
	EndGlobalSection
	GlobalSection(SolutionProperties) = preSolution
		HideSolutionNode = FALSE
	EndGlobalSection
	GlobalSection(ExtensibilityGlobals) = postSolution
		SolutionGuid = {FCAEF67C-4988-4931-B217-94D17ACB8F69}
	EndGlobalSection
EndGlobal
